{
  "originHash" : "62f8e11586bd64663a76c0be14208a54ee9b6a5f26ddb701c922d49c3dbf4e80",
  "pins" : [
    {
      "identity" : "swift-goldilocks",
      "kind" : "remoteSourceControl",
      "location" : "https://github.com/Kingpin-Apps/swift-goldilocks.git",
      "state" : {
        "revision" : "44a49050ca59c32d974af84d5828b70cea596e3f",
        "version" : "0.1.1"
      }
    }
  ],
  "version" : 3
}
